Microsoft Visual Studio Solution File, Format Version 12.00
# Visual Studio Version 17
VisualStudioVersion = 17.5.2.0
MinimumVisualStudioVersion = 10.0.40219.1
Project("{FAE04EC0-301F-11D3-BF4B-00C04F79EFBC}") = "SchoolManagementApp.MVC", "SchoolManagementApp.MVC.csproj", "{E851DC54-98D7-8954-3253-6456B3E4EE69}"
EndProject
Global
	GlobalSection(SolutionConfigurationPlatforms) = preSolution
		Debug|Any CPU = Debug|Any CPU
		Release|Any CPU = Release|Any CPU
	EndGlobalSection
	GlobalSection(ProjectConfigurationPlatforms) = postSolution
		{E851DC54-98D7-8954-3253-6456B3E4EE69}.Debug|Any CPU.ActiveCfg = Debug|Any CPU
		{E851DC54-98D7-8954-3253-6456B3E4EE69}.Debug|Any CPU.Build.0 = Debug|Any CPU
		{E851DC54-98D7-8954-3253-6456B3E4EE69}.Release|Any CPU.ActiveCfg = Release|Any CPU
		{E851DC54-98D7-8954-3253-6456B3E4EE69}.Release|Any CPU.Build.0 = Release|Any CPU
	EndGlobalSection
	GlobalSection(SolutionProperties) = preSolution
		HideSolutionNode = FALSE
	EndGlobalSection
	GlobalSection(ExtensibilityGlobals) = postSolution
		SolutionGuid = {F2091E8B-32AB-48E6-91FF-20D4CCB2FB36}
	EndGlobalSection
EndGlobal
